{
  "name": "clipnest-ingestion",
  "version": "1.0.0",
  "lockfileVersion": 3,
  "requires": true,
  "packages": {
    "": {
      "name": "clipnest-ingestion",
      "version": "1.0.0",
      "devDependencies": {
        "@deno/types": "^0.0.1",
        "typescript": "^5"
      }
    },
    "node_modules/@deno/types": {
      "version": "0.0.1",
      "resolved": "https://registry.npmjs.org/@deno/types/-/types-0.0.1.tgz",
      "integrity": "sha512-KTB6Blr05Iw7k7aMzPWlJX0kv08xXZ5Mu7fxSp0M1HnaOHDRnFC956I4PxYdOtN27+b2723Id2G2oofxLvA35A==",
      "dev": true,
      "license": "MIT"
    },
    "node_modules/typescript": {
      "version": "5.9.3",
      "resolved": "https://registry.npmjs.org/typescript/-/typescript-5.9.3.tgz",
      "integrity": "sha512-jl1vZzPDinLr9eUt3J/t7V6FgNEw9QjvBPdysz9KfQDD41fQrC2Y4vKQdiaUpFT4bXlb1RHhLpp8wtm6M5TgSw==",
      "dev": true,
      "license": "Apache-2.0",
      "bin": {
        "tsc": "bin/tsc",
        "tsserver": "bin/tsserver"
      },
      "engines": {
        "node": ">=14.17"
      }
    }
  }
}
